// !$*UTF8*$!
{
	archiveVersion = 1;
	classes = {
	};
	objectVersion = 53;
	objects = {

/* Begin PBXBuildFile section */
		A0675B0825115BC400B936C8 /* LocationProvider in Frameworks */ = {isa = PBXBuildFile; productRef = A0675B0725115BC400B936C8 /* LocationProvider */; };
		A0E65B462504CEBB0048F32F /* LocationProviderExampleApp.swift in Sources */ = {isa = PBXBuildFile; fileRef = A0E65B452504CEBB0048F32F /* LocationProviderExampleApp.swift */; };
		A0E65B482504CEBB0048F32F /* ContentView.swift in Sources */ = {isa = PBXBuildFile; fileRef = A0E65B472504CEBB0048F32F /* ContentView.swift */; };
		A0E65B4A2504CEBD0048F32F /* Assets.xcassets in Resources */ = {isa = PBXBuildFile; fileRef = A0E65B492504CEBD0048F32F /* Assets.xcassets */; };
		A0E65B4D2504CEBD0048F32F /* Preview Assets.xcassets in Resources */ = {isa = PBXBuildFile; fileRef = A0E65B4C2504CEBD0048F32F /* Preview Assets.xcassets */; };
		A0E65B602504D4E20048F32F /* LocationProviderExampleUITests.swift in Sources */ = {isa = PBXBuildFile; fileRef = A0E65B5F2504D4E20048F32F /* LocationProviderExampleUITests.swift */; };
/* End PBXBuildFile section */

/* Begin PBXContainerItemProxy section */
		A0E65B622504D4E20048F32F /* PBXContainerItemProxy */ = {
			isa = PBXContainerItemProxy;
			containerPortal = A0E65B3A2504CEBB0048F32F /* Project object */;
			proxyType = 1;
			remoteGlobalIDString = A0E65B412504CEBB0048F32F;
			remoteInfo = LocationProviderExample;
		};
/* End PBXContainerItemProxy section */

/* Begin PBXFileReference section */
		A0E65B422504CEBB0048F32F /* LocationProviderExample.app */ = {isa = PBXFileReference; explicitFileType = wrapper.application; includeInIndex = 0; path = LocationProviderExample.app; sourceTree = BUILT_PRODUCTS_DIR; };
		A0E65B452504CEBB0048F32F /* LocationProviderExampleApp.swift */ = {isa = PBXFileReference; lastKnownFileType = sourcecode.swift; path = LocationProviderExampleApp.swift; sourceTree = "<group>"; };
		A0E65B472504CEBB0048F32F /* ContentView.swift */ = {isa = PBXFileReference; lastKnownFileType = sourcecode.swift; path = ContentView.swift; sourceTree = "<group>"; };
		A0E65B492504CEBD0048F32F /* Assets.xcassets */ = {isa = PBXFileReference; lastKnownFileType = folder.assetcatalog; path = Assets.xcassets; sourceTree = "<group>"; };
		A0E65B4C2504CEBD0048F32F /* Preview Assets.xcassets */ = {isa = PBXFileReference; lastKnownFileType = folder.assetcatalog; path = "Preview Assets.xcassets"; sourceTree = "<group>"; };
		A0E65B4E2504CEBD0048F32F /* Info.plist */ = {isa = PBXFileReference; lastKnownFileType = text.plist.xml; path = Info.plist; sourceTree = "<group>"; };
		A0E65B5D2504D4E20048F32F /* LocationProviderExampleUITests.xctest */ = {isa = PBXFileReference; explicitFileType = wrapper.cfbundle; includeInIndex = 0; path = LocationProviderExampleUITests.xctest; sourceTree = BUILT_PRODUCTS_DIR; };
		A0E65B5F2504D4E20048F32F /* LocationProviderExampleUITests.swift */ = {isa = PBXFileReference; lastKnownFileType = sourcecode.swift; path = LocationProviderExampleUITests.swift; sourceTree = "<group>"; };
		A0E65B612504D4E20048F32F /* Info.plist */ = {isa = PBXFileReference; lastKnownFileType = text.plist.xml; path = Info.plist; sourceTree = "<group>"; };
/* End PBXFileReference section */

/* Begin PBXFrameworksBuildPhase section */
		A0E65B3F2504CEBB0048F32F /* Frameworks */ = {
			isa = PBXFrameworksBuildPhase;
			buildActionMask = 2147483647;
			files = (
				A0675B0825115BC400B936C8 /* LocationProvider in Frameworks */,
			);
			runOnlyForDeploymentPostprocessing = 0;
		};
		A0E65B5A2504D4E20048F32F /* Frameworks */ = {
			isa = PBXFrameworksBuildPhase;
			buildActionMask = 2147483647;
			files = (
			);
			runOnlyForDeploymentPostprocessing = 0;
		};
/* End PBXFrameworksBuildPhase section */

/* Begin PBXGroup section */
		A0E65B392504CEBB0048F32F = {
			isa = PBXGroup;
			children = (
				A0E65B442504CEBB0048F32F /* LocationProviderExample */,
				A0E65B5E2504D4E20048F32F /* LocationProviderExampleUITests */,
				A0E65B432504CEBB0048F32F /* Products */,
			);
			sourceTree = "<group>";
		};
		A0E65B432504CEBB0048F32F /* Products */ = {
			isa = PBXGroup;
			children = (
				A0E65B422504CEBB0048F32F /* LocationProviderExample.app */,
				A0E65B5D2504D4E20048F32F /* LocationProviderExampleUITests.xctest */,
			);
			name = Products;
			sourceTree = "<group>";
		};
		A0E65B442504CEBB0048F32F /* LocationProviderExample */ = {
			isa = PBXGroup;
			children = (
				A0E65B452504CEBB0048F32F /* LocationProviderExampleApp.swift */,
				A0E65B472504CEBB0048F32F /* ContentView.swift */,
				A0E65B492504CEBD0048F32F /* Assets.xcassets */,
				A0E65B4E2504CEBD0048F32F /* Info.plist */,
				A0E65B4B2504CEBD0048F32F /* Preview Content */,
			);
			path = LocationProviderExample;
			sourceTree = "<group>";
		};
		A0E65B4B2504CEBD0048F32F /* Preview Content */ = {
			isa = PBXGroup;
			children = (
				A0E65B4C2504CEBD0048F32F /* Preview Assets.xcassets */,
			);
			path = "Preview Content";
			sourceTree = "<group>";
		};
		A0E65B5E2504D4E20048F32F /* LocationProviderExampleUITests */ = {
			isa = PBXGroup;
			children = (
				A0E65B5F2504D4E20048F32F /* LocationProviderExampleUITests.swift */,
				A0E65B612504D4E20048F32F /* Info.plist */,
			);
			path = LocationProviderExampleUITests;
			sourceTree = "<group>";
		};
/* End PBXGroup section */

/* Begin PBXNativeTarget section */
		A0E65B412504CEBB0048F32F /* LocationProviderExample */ = {
			isa = PBXNativeTarget;
			buildConfigurationList = A0E65B512504CEBD0048F32F /* Build configuration list for PBXNativeTarget "LocationProviderExample" */;
			buildPhases = (
				A0E65B3E2504CEBB0048F32F /* Sources */,
				A0E65B3F2504CEBB0048F32F /* Frameworks */,
				A0E65B402504CEBB0048F32F /* Resources */,
			);
			buildRules = (
			);
			dependencies = (
			);
			name = LocationProviderExample;
			packageProductDependencies = (
				A0675B0725115BC400B936C8 /* LocationProvider */,
			);
			productName = LocationProviderExample;
			productReference = A0E65B422504CEBB0048F32F /* LocationProviderExample.app */;
			productType = "com.apple.product-type.application";
		};
		A0E65B5C2504D4E20048F32F /* LocationProviderExampleUITests */ = {
			isa = PBXNativeTarget;
			buildConfigurationList = A0E65B642504D4E20048F32F /* Build configuration list for PBXNativeTarget "LocationProviderExampleUITests" */;
			buildPhases = (
				A0E65B592504D4E20048F32F /* Sources */,
				A0E65B5A2504D4E20048F32F /* Frameworks */,
				A0E65B5B2504D4E20048F32F /* Resources */,
			);
			buildRules = (
			);
			dependencies = (
				A0E65B632504D4E20048F32F /* PBXTargetDependency */,
			);
			name = LocationProviderExampleUITests;
			productName = LocationProviderExampleUITests;
			productReference = A0E65B5D2504D4E20048F32F /* LocationProviderExampleUITests.xctest */;
			productType = "com.apple.product-type.bundle.ui-testing";
		};
/* End PBXNativeTarget section */

/* Begin PBXProject section */
		A0E65B3A2504CEBB0048F32F /* Project object */ = {
			isa = PBXProject;
			attributes = {
				LastSwiftUpdateCheck = 1200;
				LastUpgradeCheck = 1200;
				TargetAttributes = {
					A0E65B412504CEBB0048F32F = {
						CreatedOnToolsVersion = 12.0;
					};
					A0E65B5C2504D4E20048F32F = {
						CreatedOnToolsVersion = 12.0;
						TestTargetID = A0E65B412504CEBB0048F32F;
					};
				};
			};
			buildConfigurationList = A0E65B3D2504CEBB0048F32F /* Build configuration list for PBXProject "LocationProviderExample" */;
			compatibilityVersion = "Xcode 11.4";
			developmentRegion = en;
			hasScannedForEncodings = 0;
			knownRegions = (
				en,
				Base,
			);
			mainGroup = A0E65B392504CEBB0048F32F;
			packageReferences = (
				A0675B0625115BC400B936C8 /* XCRemoteSwiftPackageReference "LocationProvider" */,
			);
			productRefGroup = A0E65B432504CEBB0048F32F /* Products */;
			projectDirPath = "";
			projectRoot = "";
			targets = (
				A0E65B412504CEBB0048F32F /* LocationProviderExample */,
				A0E65B5C2504D4E20048F32F /* LocationProviderExampleUITests */,
			);
		};
/* End PBXProject section */

/* Begin PBXResourcesBuildPhase section */
		A0E65B402504CEBB0048F32F /* Resources */ = {
			isa = PBXResourcesBuildPhase;
			buildActionMask = 2147483647;
			files = (
				A0E65B4D2504CEBD0048F32F /* Preview Assets.xcassets in Resources */,
				A0E65B4A2504CEBD0048F32F /* Assets.xcassets in Resources */,
			);
			runOnlyForDeploymentPostprocessing = 0;
		};
		A0E65B5B2504D4E20048F32F /* Resources */ = {
			isa = PBXResourcesBuildPhase;
			buildActionMask = 2147483647;
			files = (
			);
			runOnlyForDeploymentPostprocessing = 0;
		};
/* End PBXResourcesBuildPhase section */

/* Begin PBXSourcesBuildPhase section */
		A0E65B3E2504CEBB0048F32F /* Sources */ = {
			isa = PBXSourcesBuildPhase;
			buildActionMask = 2147483647;
			files = (
				A0E65B482504CEBB0048F32F /* ContentView.swift in Sources */,
				A0E65B462504CEBB0048F32F /* LocationProviderExampleApp.swift in Sources */,
			);
			runOnlyForDeploymentPostprocessing = 0;
		};
		A0E65B592504D4E20048F32F /* Sources */ = {
			isa = PBXSourcesBuildPhase;
			buildActionMask = 2147483647;
			files = (
				A0E65B602504D4E20048F32F /* LocationProviderExampleUITests.swift in Sources */,
			);
			runOnlyForDeploymentPostprocessing = 0;
		};
/* End PBXSourcesBuildPhase section */

/* Begin PBXTargetDependency section */
		A0E65B632504D4E20048F32F /* PBXTargetDependency */ = {
			isa = PBXTargetDependency;
			target = A0E65B412504CEBB0048F32F /* LocationProviderExample */;
			targetProxy = A0E65B622504D4E20048F32F /* PBXContainerItemProxy */;
		};
/* End PBXTargetDependency section */

/* Begin XCBuildConfiguration section */
		A0E65B4F2504CEBD0048F32F /* Debug */ = {
			isa = XCBuildConfiguration;
			buildSettings = {
				ALWAYS_SEARCH_USER_PATHS = NO;
				CLANG_ANALYZER_NONNULL = YES;
				CLANG_ANALYZER_NUMBER_OBJECT_CONVERSION = YES_AGGRESSIVE;
				CLANG_CXX_LANGUAGE_STANDARD = "gnu++14";
				CLANG_CXX_LIBRARY = "libc++";
				CLANG_ENABLE_MODULES = YES;
				CLANG_ENABLE_OBJC_ARC = YES;
				CLANG_ENABLE_OBJC_WEAK = YES;
				CLANG_WARN_BLOCK_CAPTURE_AUTORELEASING = YES;
				CLANG_WARN_BOOL_CONVERSION = YES;
				CLANG_WARN_COMMA = YES;
				CLANG_WARN_CONSTANT_CONVERSION = YES;
				CLANG_WARN_DEPRECATED_OBJC_IMPLEMENTATIONS = YES;
				CLANG_WARN_DIRECT_OBJC_ISA_USAGE = YES_ERROR;
				CLANG_WARN_DOCUMENTATION_COMMENTS = YES;
				CLANG_WARN_EMPTY_BODY = YES;
				CLANG_WARN_ENUM_CONVERSION = YES;
				CLANG_WARN_INFINITE_RECURSION = YES;
				CLANG_WARN_INT_CONVERSION = YES;
				CLANG_WARN_NON_LITERAL_NULL_CONVERSION = YES;
				CLANG_WARN_OBJC_IMPLICIT_RETAIN_SELF = YES;
				CLANG_WARN_OBJC_LITERAL_CONVERSION = YES;
				CLANG_WARN_OBJC_ROOT_CLASS = YES_ERROR;
				CLANG_WARN_QUOTED_INCLUDE_IN_FRAMEWORK_HEADER = YES;
				CLANG_WARN_RANGE_LOOP_ANALYSIS = YES;
				CLANG_WARN_STRICT_PROTOTYPES = YES;
				CLANG_WARN_SUSPICIOUS_MOVE = YES;
				CLANG_WARN_UNGUARDED_AVAILABILITY = YES_AGGRESSIVE;
				CLANG_WARN_UNREACHABLE_CODE = YES;
				CLANG_WARN__DUPLICATE_METHOD_MATCH = YES;
				COPY_PHASE_STRIP = NO;
				DEBUG_INFORMATION_FORMAT = dwarf;
				ENABLE_STRICT_OBJC_MSGSEND = YES;
				ENABLE_TESTABILITY = YES;
				GCC_C_LANGUAGE_STANDARD = gnu11;
				GCC_DYNAMIC_NO_PIC = NO;
				GCC_NO_COMMON_BLOCKS = YES;
				GCC_OPTIMIZATION_LEVEL = 0;
				GCC_PREPROCESSOR_DEFINITIONS = (
					"DEBUG=1",
					"$(inherited)",
				);
				GCC_WARN_64_TO_32_BIT_CONVERSION = YES;
				GCC_WARN_ABOUT_RETURN_TYPE = YES_ERROR;
				GCC_WARN_UNDECLARED_SELECTOR = YES;
				GCC_WARN_UNINITIALIZED_AUTOS = YES_AGGRESSIVE;
				GCC_WARN_UNUSED_FUNCTION = YES;
				GCC_WARN_UNUSED_VARIABLE = YES;
				IPHONEOS_DEPLOYMENT_TARGET = 13.6;
				MTL_ENABLE_DEBUG_INFO = INCLUDE_SOURCE;
				MTL_FAST_MATH = YES;
				ONLY_ACTIVE_ARCH = YES;
				SDKROOT = iphoneos;
				SWIFT_ACTIVE_COMPILATION_CONDITIONS = DEBUG;
				SWIFT_OPTIMIZATION_LEVEL = "-Onone";
			};
			name = Debug;
		};
		A0E65B502504CEBD0048F32F /* Release */ = {
			isa = XCBuildConfiguration;
			buildSettings = {
				ALWAYS_SEARCH_USER_PATHS = NO;
				CLANG_ANALYZER_NONNULL = YES;
				CLANG_ANALYZER_NUMBER_OBJECT_CONVERSION = YES_AGGRESSIVE;
				CLANG_CXX_LANGUAGE_STANDARD = "gnu++14";
				CLANG_CXX_LIBRARY = "libc++";
				CLANG_ENABLE_MODULES = YES;
				CLANG_ENABLE_OBJC_ARC = YES;
				CLANG_ENABLE_OBJC_WEAK = YES;
				CLANG_WARN_BLOCK_CAPTURE_AUTORELEASING = YES;
				CLANG_WARN_BOOL_CONVERSION = YES;
				CLANG_WARN_COMMA = YES;
				CLANG_WARN_CONSTANT_CONVERSION = YES;
				CLANG_WARN_DEPRECATED_OBJC_IMPLEMENTATIONS = YES;
				CLANG_WARN_DIRECT_OBJC_ISA_USAGE = YES_ERROR;
				CLANG_WARN_DOCUMENTATION_COMMENTS = YES;
				CLANG_WARN_EMPTY_BODY = YES;
				CLANG_WARN_ENUM_CONVERSION = YES;
				CLANG_WARN_INFINITE_RECURSION = YES;
				CLANG_WARN_INT_CONVERSION = YES;
				CLANG_WARN_NON_LITERAL_NULL_CONVERSION = YES;
				CLANG_WARN_OBJC_IMPLICIT_RETAIN_SELF = YES;
				CLANG_WARN_OBJC_LITERAL_CONVERSION = YES;
				CLANG_WARN_OBJC_ROOT_CLASS = YES_ERROR;
				CLANG_WARN_QUOTED_INCLUDE_IN_FRAMEWORK_HEADER = YES;
				CLANG_WARN_RANGE_LOOP_ANALYSIS = YES;
				CLANG_WARN_STRICT_PROTOTYPES = YES;
				CLANG_WARN_SUSPICIOUS_MOVE = YES;
				CLANG_WARN_UNGUARDED_AVAILABILITY = YES_AGGRESSIVE;
				CLANG_WARN_UNREACHABLE_CODE = YES;
				CLANG_WARN__DUPLICATE_METHOD_MATCH = YES;
				COPY_PHASE_STRIP = NO;
				DEBUG_INFORMATION_FORMAT = "dwarf-with-dsym";
				ENABLE_NS_ASSERTIONS = NO;
				ENABLE_STRICT_OBJC_MSGSEND = YES;
				GCC_C_LANGUAGE_STANDARD = gnu11;
				GCC_NO_COMMON_BLOCKS = YES;
				GCC_WARN_64_TO_32_BIT_CONVERSION = YES;
				GCC_WARN_ABOUT_RETURN_TYPE = YES_ERROR;
				GCC_WARN_UNDECLARED_SELECTOR = YES;
				GCC_WARN_UNINITIALIZED_AUTOS = YES_AGGRESSIVE;
				GCC_WARN_UNUSED_FUNCTION = YES;
				GCC_WARN_UNUSED_VARIABLE = YES;
				IPHONEOS_DEPLOYMENT_TARGET = 13.6;
				MTL_ENABLE_DEBUG_INFO = NO;
				MTL_FAST_MATH = YES;
				SDKROOT = iphoneos;
				SWIFT_COMPILATION_MODE = wholemodule;
				SWIFT_OPTIMIZATION_LEVEL = "-O";
				VALIDATE_PRODUCT = YES;
			};
			name = Release;
		};
		A0E65B522504CEBD0048F32F /* Debug */ = {
			isa = XCBuildConfiguration;
			buildSettings = {
				ASSETCATALOG_COMPILER_APPICON_NAME = AppIcon;
				ASSETCATALOG_COMPILER_GLOBAL_ACCENT_COLOR_NAME = AccentColor;
				CODE_SIGN_STYLE = Automatic;
				DEVELOPMENT_ASSET_PATHS = "\"LocationProviderExample/Preview Content\"";
				DEVELOPMENT_TEAM = 7Y9GHR8KXY;
				ENABLE_PREVIEWS = YES;
				INFOPLIST_FILE = LocationProviderExample/Info.plist;
				IPHONEOS_DEPLOYMENT_TARGET = 14.0;
				LD_RUNPATH_SEARCH_PATHS = (
					"$(inherited)",
					"@executable_path/Frameworks",
				);
				PRODUCT_BUNDLE_IDENTIFIER = himbeles.LocationProviderExample;
				PRODUCT_NAME = "$(TARGET_NAME)";
				SWIFT_VERSION = 5.0;
				TARGETED_DEVICE_FAMILY = "1,2";
			};
			name = Debug;
		};
		A0E65B532504CEBD0048F32F /* Release */ = {
			isa = XCBuildConfiguration;
			buildSettings = {
				ASSETCATALOG_COMPILER_APPICON_NAME = AppIcon;
				ASSETCATALOG_COMPILER_GLOBAL_ACCENT_COLOR_NAME = AccentColor;
				CODE_SIGN_STYLE = Automatic;
				DEVELOPMENT_ASSET_PATHS = "\"LocationProviderExample/Preview Content\"";
				DEVELOPMENT_TEAM = 7Y9GHR8KXY;
				ENABLE_PREVIEWS = YES;
				INFOPLIST_FILE = LocationProviderExample/Info.plist;
				IPHONEOS_DEPLOYMENT_TARGET = 14.0;
				LD_RUNPATH_SEARCH_PATHS = (
					"$(inherited)",
					"@executable_path/Frameworks",
				);
				PRODUCT_BUNDLE_IDENTIFIER = himbeles.LocationProviderExample;
				PRODUCT_NAME = "$(TARGET_NAME)";
				SWIFT_VERSION = 5.0;
				TARGETED_DEVICE_FAMILY = "1,2";
			};
			name = Release;
		};
		A0E65B652504D4E20048F32F /* Debug */ = {
			isa = XCBuildConfiguration;
			buildSettings = {
				CODE_SIGN_STYLE = Automatic;
				DEVELOPMENT_TEAM = 7Y9GHR8KXY;
				INFOPLIST_FILE = LocationProviderExampleUITests/Info.plist;
				LD_RUNPATH_SEARCH_PATHS = (
					"$(inherited)",
					"@executable_path/Frameworks",
					"@loader_path/Frameworks",
				);
				PRODUCT_BUNDLE_IDENTIFIER = himbeles.LocationProviderExampleUITests;
				PRODUCT_NAME = "$(TARGET_NAME)";
				SWIFT_VERSION = 5.0;
				TARGETED_DEVICE_FAMILY = "1,2";
				TEST_TARGET_NAME = LocationProviderExample;
			};
			name = Debug;
		};
		A0E65B662504D4E20048F32F /* Release */ = {
			isa = XCBuildConfiguration;
			buildSettings = {
				CODE_SIGN_STYLE = Automatic;
				DEVELOPMENT_TEAM = 7Y9GHR8KXY;
				INFOPLIST_FILE = LocationProviderExampleUITests/Info.plist;
				LD_RUNPATH_SEARCH_PATHS = (
					"$(inherited)",
					"@executable_path/Frameworks",
					"@loader_path/Frameworks",
				);
				PRODUCT_BUNDLE_IDENTIFIER = himbeles.LocationProviderExampleUITests;
				PRODUCT_NAME = "$(TARGET_NAME)";
				SWIFT_VERSION = 5.0;
				TARGETED_DEVICE_FAMILY = "1,2";
				TEST_TARGET_NAME = LocationProviderExample;
			};
			name = Release;
		};
/* End XCBuildConfiguration section */

/* Begin XCConfigurationList section */
		A0E65B3D2504CEBB0048F32F /* Build configuration list for PBXProject "LocationProviderExample" */ = {
			isa = XCConfigurationList;
			buildConfigurations = (
				A0E65B4F2504CEBD0048F32F /* Debug */,
				A0E65B502504CEBD0048F32F /* Release */,
			);
			defaultConfigurationIsVisible = 0;
			defaultConfigurationName = Release;
		};
		A0E65B512504CEBD0048F32F /* Build configuration list for PBXNativeTarget "LocationProviderExample" */ = {
			isa = XCConfigurationList;
			buildConfigurations = (
				A0E65B522504CEBD0048F32F /* Debug */,
				A0E65B532504CEBD0048F32F /* Release */,
			);
			defaultConfigurationIsVisible = 0;
			defaultConfigurationName = Release;
		};
		A0E65B642504D4E20048F32F /* Build configuration list for PBXNativeTarget "LocationProviderExampleUITests" */ = {
			isa = XCConfigurationList;
			buildConfigurations = (
				A0E65B652504D4E20048F32F /* Debug */,
				A0E65B662504D4E20048F32F /* Release */,
			);
			defaultConfigurationIsVisible = 0;
			defaultConfigurationName = Release;
		};
/* End XCConfigurationList section */

/* Begin XCRemoteSwiftPackageReference section */
		A0675B0625115BC400B936C8 /* XCRemoteSwiftPackageReference "LocationProvider" */ = {
			isa = XCRemoteSwiftPackageReference;
			repositoryURL = "https://github.com/himbeles/LocationProvider.git";
			requirement = {
				kind = upToNextMajorVersion;
				minimumVersion = 1.3.0;
			};
		};
/* End XCRemoteSwiftPackageReference section */

/* Begin XCSwiftPackageProductDependency section */
		A0675B0725115BC400B936C8 /* LocationProvider */ = {
			isa = XCSwiftPackageProductDependency;
			package = A0675B0625115BC400B936C8 /* XCRemoteSwiftPackageReference "LocationProvider" */;
			productName = LocationProvider;
		};
/* End XCSwiftPackageProductDependency section */
	};
	rootObject = A0E65B3A2504CEBB0048F32F /* Project object */;
}
