{
  "object": {
    "pins": [
      {
        "package": "LocationProvider",
        "repositoryURL": "https://github.com/himbeles/LocationProvider.git",
        "state": {
          "branch": null,
          "revision": "29b3784a73fdbca6408626aa91c45a5a880bb11f",
          "version": "1.3.0"
        }
      }
    ]
  },
  "version": 1
}
