{
  "object": {
    "pins": [
      {
        "package": "LocationProvider",
        "repositoryURL": "https://github.com/himbeles/LocationProvider.git",
        "state": {
          "branch": null,
          "revision": "bc4807ef78280cd5cf395ec9ee44aa07c144856b",
          "version": "1.2.0"
        }
      }
    ]
  },
  "version": 1
}
